
Microsoft Visual Studio Solution File, Format Version 12.00
# Visual Studio 14
VisualStudioVersion = 14.0.25123.0
MinimumVisualStudioVersion = 10.0.40219.1
Project("{00D1A9C2-B5F0-4AF3-8072-F6C62B433612}") = "ProjectDB", "ProjectDB\ProjectDB.sqlproj", "{30CA34DB-7BD2-426A-925F-FC4CEDDD77ED}"
EndProject
Project("{FAE04EC0-301F-11D3-BF4B-00C04F79EFBC}") = "ProjectWebAPI", "ProjectWebAPI\ProjectWebAPI.csproj", "{EFC714D0-7983-4025-B80E-6BEE7204D865}"
EndProject
Project("{FAE04EC0-301F-11D3-BF4B-00C04F79EFBC}") = "ProjectWebClient", "ProjectWebClient\ProjectWebClient.csproj", "{68B0FD30-2A6B-475C-8586-B3B5B8CDE81B}"
EndProject
Global
	GlobalSection(SolutionConfigurationPlatforms) = preSolution
		Debug|Any CPU = Debug|Any CPU
		Release|Any CPU = Release|Any CPU
	EndGlobalSection
	GlobalSection(ProjectConfigurationPlatforms) = postSolution
		{30CA34DB-7BD2-426A-925F-FC4CEDDD77ED}.Debug|Any CPU.ActiveCfg = Debug|Any CPU
		{30CA34DB-7BD2-426A-925F-FC4CEDDD77ED}.Debug|Any CPU.Build.0 = Debug|Any CPU
		{30CA34DB-7BD2-426A-925F-FC4CEDDD77ED}.Debug|Any CPU.Deploy.0 = Debug|Any CPU
		{30CA34DB-7BD2-426A-925F-FC4CEDDD77ED}.Release|Any CPU.ActiveCfg = Release|Any CPU
		{30CA34DB-7BD2-426A-925F-FC4CEDDD77ED}.Release|Any CPU.Build.0 = Release|Any CPU
		{30CA34DB-7BD2-426A-925F-FC4CEDDD77ED}.Release|Any CPU.Deploy.0 = Release|Any CPU
		{EFC714D0-7983-4025-B80E-6BEE7204D865}.Debug|Any CPU.ActiveCfg = Debug|Any CPU
		{EFC714D0-7983-4025-B80E-6BEE7204D865}.Debug|Any CPU.Build.0 = Debug|Any CPU
		{EFC714D0-7983-4025-B80E-6BEE7204D865}.Release|Any CPU.ActiveCfg = Release|Any CPU
		{EFC714D0-7983-4025-B80E-6BEE7204D865}.Release|Any CPU.Build.0 = Release|Any CPU
		{68B0FD30-2A6B-475C-8586-B3B5B8CDE81B}.Debug|Any CPU.ActiveCfg = Debug|Any CPU
		{68B0FD30-2A6B-475C-8586-B3B5B8CDE81B}.Debug|Any CPU.Build.0 = Debug|Any CPU
		{68B0FD30-2A6B-475C-8586-B3B5B8CDE81B}.Release|Any CPU.ActiveCfg = Release|Any CPU
		{68B0FD30-2A6B-475C-8586-B3B5B8CDE81B}.Release|Any CPU.Build.0 = Release|Any CPU
	EndGlobalSection
	GlobalSection(SolutionProperties) = preSolution
		HideSolutionNode = FALSE
	EndGlobalSection
EndGlobal
